
Microsoft Visual Studio Solution File, Format Version 12.00
# Visual Studio Version 16
VisualStudioVersion = 16.0.29201.188
MinimumVisualStudioVersion = 10.0.40219.1
Project("{9A19103F-16F7-4668-BE54-9A1E7A4F7556}") = "RongCloud.Server.Sdk", "RongCloud.Server.Sdk\RongCloud.Server.Sdk.csproj", "{623DD2AC-C067-41B6-97B2-F2D852D1AEAA}"
EndProject
Project("{9A19103F-16F7-4668-BE54-9A1E7A4F7556}") = "RongCloud.Server.Sdk.Example", "RongCloud.Server.Sdk.Example\RongCloud.Server.Sdk.Example.csproj", "{B2DED97D-648A-49B4-81E9-A8B65116C25B}"
EndProject
Global
	GlobalSection(SolutionConfigurationPlatforms) = preSolution
		Debug|Any CPU = Debug|Any CPU
		Release|Any CPU = Release|Any CPU
	EndGlobalSection
	GlobalSection(ProjectConfigurationPlatforms) = postSolution
		{623DD2AC-C067-41B6-97B2-F2D852D1AEAA}.Debug|Any CPU.ActiveCfg = Debug|Any CPU
		{623DD2AC-C067-41B6-97B2-F2D852D1AEAA}.Debug|Any CPU.Build.0 = Debug|Any CPU
		{623DD2AC-C067-41B6-97B2-F2D852D1AEAA}.Release|Any CPU.ActiveCfg = Release|Any CPU
		{623DD2AC-C067-41B6-97B2-F2D852D1AEAA}.Release|Any CPU.Build.0 = Release|Any CPU
		{B2DED97D-648A-49B4-81E9-A8B65116C25B}.Debug|Any CPU.ActiveCfg = Debug|Any CPU
		{B2DED97D-648A-49B4-81E9-A8B65116C25B}.Debug|Any CPU.Build.0 = Debug|Any CPU
		{B2DED97D-648A-49B4-81E9-A8B65116C25B}.Release|Any CPU.ActiveCfg = Release|Any CPU
		{B2DED97D-648A-49B4-81E9-A8B65116C25B}.Release|Any CPU.Build.0 = Release|Any CPU
	EndGlobalSection
	GlobalSection(SolutionProperties) = preSolution
		HideSolutionNode = FALSE
	EndGlobalSection
	GlobalSection(ExtensibilityGlobals) = postSolution
		SolutionGuid = {B7BBB32E-4040-4515-A1CC-F588E307D5C6}
	EndGlobalSection
EndGlobal
